# THIS IS AN AUTOGENERATED FILE. DO NOT EDIT THIS FILE DIRECTLY.
# yarn lockfile v1


async@^0.9.0:
  version "0.9.2"
  resolved "https://registry.yarnpkg.com/async/-/async-0.9.2.tgz#aea74d5e61c1f899613bf64bda66d4c78f2fd17d"

bluebird@^3.4.7:
  version "3.4.7"
  resolved "https://registry.yarnpkg.com/bluebird/-/bluebird-3.4.7.tgz#f72d760be09b7f76d08ed8fae98b289a8d05fab3"

clone@~0.1.6:
  version "0.1.19"
  resolved "https://registry.yarnpkg.com/clone/-/clone-0.1.19.tgz#613fb68639b26a494ac53253e15b1a6bd88ada85"

colors@*:
  version "1.1.2"
  resolved "https://registry.yarnpkg.com/colors/-/colors-1.1.2.tgz#168a4701756b6a7f51a12ce0c97bfa28c084ed63"

commander@^2.9.0:
  version "2.9.0"
  resolved "https://registry.yarnpkg.com/commander/-/commander-2.9.0.tgz#9c99094176e12240cb22d6c5146098400fe0f7d4"
  dependencies:
    graceful-readlink ">= 1.0.0"

daemon@^1.1.0:
  version "1.1.0"
  resolved "https://registry.yarnpkg.com/daemon/-/daemon-1.1.0.tgz#6c5102c81db0be856fc9008fc2c935b398864ae8"

debug@~0.7.0:
  version "0.7.4"
  resolved "https://registry.yarnpkg.com/debug/-/debug-0.7.4.tgz#06e1ea8082c2cb14e39806e22e2f6f757f92af39"

easy-stack@^1.0.0:
  version "1.0.0"
  resolved "https://registry.yarnpkg.com/easy-stack/-/easy-stack-1.0.0.tgz#12c91b3085a37f0baa336e9486eac4bf94e3e788"

etc@^1.1.0:
  version "1.1.0"
  resolved "https://registry.yarnpkg.com/etc/-/etc-1.1.0.tgz#417ccde397fd967dd22cfc71223db6c46e3df5e8"
  dependencies:
    clone "~0.1.6"
    glob "~3.1.12"
    optimist "~0.3.4"
    stact-hooks "~0.0.1"
    tea-merge "~0.1.0"
    witwip "~0.0.2"

event-pubsub@4.2.3:
  version "4.2.3"
  resolved "https://registry.yarnpkg.com/event-pubsub/-/event-pubsub-4.2.3.tgz#0d3142f47ac7e0da38cdc38402d97e2510bc5ecc"

glob@~3.1.12:
  version "3.1.21"
  resolved "https://registry.yarnpkg.com/glob/-/glob-3.1.21.tgz#d29e0a055dea5138f4d07ed40e8982e83c2066cd"
  dependencies:
    graceful-fs "~1.2.0"
    inherits "1"
    minimatch "~0.2.11"

graceful-fs@~1.2.0:
  version "1.2.3"
  resolved "https://registry.yarnpkg.com/graceful-fs/-/graceful-fs-1.2.3.tgz#15a4806a57547cb2d2dbf27f42e89a8c3451b364"

"graceful-readlink@>= 1.0.0":
  version "1.0.1"
  resolved "https://registry.yarnpkg.com/graceful-readlink/-/graceful-readlink-1.0.1.tgz#4cafad76bc62f02fa039b2f94e9a3dd3a391a725"

inherits@1:
  version "1.0.2"
  resolved "https://registry.yarnpkg.com/inherits/-/inherits-1.0.2.tgz#ca4309dadee6b54cc0b8d247e8d7c7a0975bdc9b"

js-message@>=1.0.5:
  version "1.0.5"
  resolved "https://registry.yarnpkg.com/js-message/-/js-message-1.0.5.tgz#2300d24b1af08e89dd095bc1a4c9c9cfcb892d15"

js-queue@>=2.0.0:
  version "2.0.0"
  resolved "https://registry.yarnpkg.com/js-queue/-/js-queue-2.0.0.tgz#362213cf860f468f0125fc6c96abc1742531f948"
  dependencies:
    easy-stack "^1.0.0"

libnotify@^1.0.4:
  version "1.0.4"
  resolved "https://registry.yarnpkg.com/libnotify/-/libnotify-1.0.4.tgz#a664fc893143cc24bd9b03926285ff19b872faac"

lru-cache@2:
  version "2.7.3"
  resolved "https://registry.yarnpkg.com/lru-cache/-/lru-cache-2.7.3.tgz#6d4524e8b955f95d4f5b58851ce21dd72fb4e952"

minimatch@~0.2.11:
  version "0.2.14"
  resolved "https://registry.yarnpkg.com/minimatch/-/minimatch-0.2.14.tgz#c74e780574f63c6f9a090e90efbe6ef53a6a756a"
  dependencies:
    lru-cache "2"
    sigmund "~1.0.0"

minimist@0.0.8:
  version "0.0.8"
  resolved "https://registry.yarnpkg.com/minimist/-/minimist-0.0.8.tgz#857fcabfc3397d2625b8228262e86aa7a011b05d"

mkdirp@^0.5.0:
  version "0.5.1"
  resolved "https://registry.yarnpkg.com/mkdirp/-/mkdirp-0.5.1.tgz#30057438eac6cf7f8c4767f38648d6697d75c903"
  dependencies:
    minimist "0.0.8"

moment@^2.17.1:
  version "2.17.1"
  resolved "https://registry.yarnpkg.com/moment/-/moment-2.17.1.tgz#fed9506063f36b10f066c8b59a144d7faebe1d82"

node-ipc@^8.10.2:
  version "8.10.2"
  resolved "https://registry.yarnpkg.com/node-ipc/-/node-ipc-8.10.2.tgz#dcad76376a66bfa1de565b7bf458fbbea8d3091c"
  dependencies:
    colors "*"
    event-pubsub "4.2.3"
    js-message ">=1.0.5"
    js-queue ">=2.0.0"

node-storage@^0.0.7:
  version "0.0.7"
  resolved "https://registry.yarnpkg.com/node-storage/-/node-storage-0.0.7.tgz#aa3252b4cd786eb0c95ee509c22df9b3b68586d1"
  dependencies:
    async "^0.9.0"
    mkdirp "^0.5.0"

optimist@~0.3.4:
  version "0.3.7"
  resolved "https://registry.yarnpkg.com/optimist/-/optimist-0.3.7.tgz#c90941ad59e4273328923074d2cf2e7cbc6ec0d9"
  dependencies:
    wordwrap "~0.0.2"

sigmund@~1.0.0:
  version "1.0.1"
  resolved "https://registry.yarnpkg.com/sigmund/-/sigmund-1.0.1.tgz#3ff21f198cad2175f9f3b781853fd94d0d19b590"

stac@~0.0.12:
  version "0.0.12"
  resolved "https://registry.yarnpkg.com/stac/-/stac-0.0.12.tgz#62ffd93586edffd7a7f624e038c2f0ca8d1ba56c"

stact-hooks@~0.0.1:
  version "0.0.3"
  resolved "https://registry.yarnpkg.com/stact-hooks/-/stact-hooks-0.0.3.tgz#ef36707319fd9d44ca17f6fcfc5d41e973358c7b"
  dependencies:
    stact "~0.0.1"

stact@~0.0.1:
  version "0.0.12"
  resolved "https://registry.yarnpkg.com/stact/-/stact-0.0.12.tgz#406a48e9adb5ff7580d96cc5350fb75ffd1d81fb"
  dependencies:
    stac "~0.0.12"

tea-merge@~0.1.0:
  version "0.1.0"
  resolved "https://registry.yarnpkg.com/tea-merge/-/tea-merge-0.1.0.tgz#3dd2df8e3909a3419bb7517a3be97d9e01730dc4"
  dependencies:
    tea-type "0.1.0"

tea-type@0.1.0:
  version "0.1.0"
  resolved "https://registry.yarnpkg.com/tea-type/-/tea-type-0.1.0.tgz#a138a6beb00ff4984874a4f75f3589ef1821af82"

uuid@^3.0.1:
  version "3.0.1"
  resolved "https://registry.yarnpkg.com/uuid/-/uuid-3.0.1.tgz#6544bba2dfda8c1cf17e629a3a305e2bb1fee6c1"

witwip@~0.0.2:
  version "0.0.6"
  resolved "https://registry.yarnpkg.com/witwip/-/witwip-0.0.6.tgz#dc46784a641cd2a8427f180d534ddac218acd2ab"
  dependencies:
    debug "~0.7.0"

wordwrap@~0.0.2:
  version "0.0.3"
  resolved "https://registry.yarnpkg.com/wordwrap/-/wordwrap-0.0.3.tgz#a3d5da6cd5c0bc0008d37234bbaf1bed63059107"
